
Microsoft Visual Studio Solution File, Format Version 12.00
# Visual Studio Version 17
VisualStudioVersion = 17.8.34511.84
MinimumVisualStudioVersion = 10.0.40219.1
Project("{FAE04EC0-301F-11D3-BF4B-00C04F79EFBC}") = "Sana07", "Program\Sana07.csproj", "{4C77B4B7-F89B-497D-94E1-9F55ECBB29FC}"
EndProject
Global
	GlobalSection(SolutionConfigurationPlatforms) = preSolution
		Debug|Any CPU = Debug|Any CPU
		Release|Any CPU = Release|Any CPU
	EndGlobalSection
	GlobalSection(ProjectConfigurationPlatforms) = postSolution
		{4C77B4B7-F89B-497D-94E1-9F55ECBB29FC}.Debug|Any CPU.ActiveCfg = Debug|Any CPU
		{4C77B4B7-F89B-497D-94E1-9F55ECBB29FC}.Debug|Any CPU.Build.0 = Debug|Any CPU
		{4C77B4B7-F89B-497D-94E1-9F55ECBB29FC}.Release|Any CPU.ActiveCfg = Release|Any CPU
		{4C77B4B7-F89B-497D-94E1-9F55ECBB29FC}.Release|Any CPU.Build.0 = Release|Any CPU
	EndGlobalSection
	GlobalSection(SolutionProperties) = preSolution
		HideSolutionNode = FALSE
	EndGlobalSection
	GlobalSection(ExtensibilityGlobals) = postSolution
		SolutionGuid = {04D075E2-A8B7-4025-B474-E4FF1A4F0761}
	EndGlobalSection
EndGlobal
